
Microsoft Visual Studio Solution File, Format Version 12.00
# Visual Studio Version 16
VisualStudioVersion = 16.0.29709.97
MinimumVisualStudioVersion = 10.0.40219.1
Project("{FAE04EC0-301F-11D3-BF4B-00C04F79EFBC}") = "BookShop", "BookShop\BookShop.csproj", "{A884200A-3FD1-42B8-AE15-BA0440910BA6}"
EndProject
Global
	GlobalSection(SolutionConfigurationPlatforms) = preSolution
		Debug|Any CPU = Debug|Any CPU
		Release|Any CPU = Release|Any CPU
	EndGlobalSection
	GlobalSection(ProjectConfigurationPlatforms) = postSolution
		{A884200A-3FD1-42B8-AE15-BA0440910BA6}.Debug|Any CPU.ActiveCfg = Debug|Any CPU
		{A884200A-3FD1-42B8-AE15-BA0440910BA6}.Debug|Any CPU.Build.0 = Debug|Any CPU
		{A884200A-3FD1-42B8-AE15-BA0440910BA6}.Release|Any CPU.ActiveCfg = Release|Any CPU
		{A884200A-3FD1-42B8-AE15-BA0440910BA6}.Release|Any CPU.Build.0 = Release|Any CPU
	EndGlobalSection
	GlobalSection(SolutionProperties) = preSolution
		HideSolutionNode = FALSE
	EndGlobalSection
	GlobalSection(ExtensibilityGlobals) = postSolution
		SolutionGuid = {16C8CBE2-A2B5-4FC0-A173-A16E1B0C3E5F}
	EndGlobalSection
EndGlobal
